
Microsoft Visual Studio Solution File, Format Version 12.00
# Visual Studio Version 17
VisualStudioVersion = 17.14.36429.23 d17.14
MinimumVisualStudioVersion = 10.0.40219.1
Project("{FAE04EC0-301F-11D3-BF4B-00C04F79EFBC}") = "BuilderPattern", "BuilderPattern\BuilderPattern.csproj", "{DCBE73AB-DEE5-4A54-83DA-57ADE40D888A}"
EndProject
Global
	GlobalSection(SolutionConfigurationPlatforms) = preSolution
		Debug|Any CPU = Debug|Any CPU
		Release|Any CPU = Release|Any CPU
	EndGlobalSection
	GlobalSection(ProjectConfigurationPlatforms) = postSolution
		{DCBE73AB-DEE5-4A54-83DA-57ADE40D888A}.Debug|Any CPU.ActiveCfg = Debug|Any CPU
		{DCBE73AB-DEE5-4A54-83DA-57ADE40D888A}.Debug|Any CPU.Build.0 = Debug|Any CPU
		{DCBE73AB-DEE5-4A54-83DA-57ADE40D888A}.Release|Any CPU.ActiveCfg = Release|Any CPU
		{DCBE73AB-DEE5-4A54-83DA-57ADE40D888A}.Release|Any CPU.Build.0 = Release|Any CPU
	EndGlobalSection
	GlobalSection(SolutionProperties) = preSolution
		HideSolutionNode = FALSE
	EndGlobalSection
	GlobalSection(ExtensibilityGlobals) = postSolution
		SolutionGuid = {BB7CF57C-A604-4698-9CB6-FEBD18B06AE9}
	EndGlobalSection
EndGlobal
