
Microsoft Visual Studio Solution File, Format Version 12.00
# Visual Studio Version 17
VisualStudioVersion = 17.14.36429.23
MinimumVisualStudioVersion = 10.0.40219.1
Project("{FAE04EC0-301F-11D3-BF4B-00C04F79EFBC}") = "AccountsManagerLib", "AccountsManagerLib.csproj", "{69F6B8E8-3E32-4E32-AC3F-D92781775C30}"
EndProject
Project("{FAE04EC0-301F-11D3-BF4B-00C04F79EFBC}") = "AccountsManagerLib.Tests", "..\AccountsManagerLib.Tests\AccountsManagerLib.Tests.csproj", "{9229A44A-8809-4B15-93D5-CB78678B6F3D}"
EndProject
Global
	GlobalSection(SolutionConfigurationPlatforms) = preSolution
		Debug|Any CPU = Debug|Any CPU
		Release|Any CPU = Release|Any CPU
	EndGlobalSection
	GlobalSection(ProjectConfigurationPlatforms) = postSolution
		{69F6B8E8-3E32-4E32-AC3F-D92781775C30}.Debug|Any CPU.ActiveCfg = Debug|Any CPU
		{69F6B8E8-3E32-4E32-AC3F-D92781775C30}.Debug|Any CPU.Build.0 = Debug|Any CPU
		{69F6B8E8-3E32-4E32-AC3F-D92781775C30}.Release|Any CPU.ActiveCfg = Release|Any CPU
		{69F6B8E8-3E32-4E32-AC3F-D92781775C30}.Release|Any CPU.Build.0 = Release|Any CPU
		{9229A44A-8809-4B15-93D5-CB78678B6F3D}.Debug|Any CPU.ActiveCfg = Debug|Any CPU
		{9229A44A-8809-4B15-93D5-CB78678B6F3D}.Debug|Any CPU.Build.0 = Debug|Any CPU
		{9229A44A-8809-4B15-93D5-CB78678B6F3D}.Release|Any CPU.ActiveCfg = Release|Any CPU
		{9229A44A-8809-4B15-93D5-CB78678B6F3D}.Release|Any CPU.Build.0 = Release|Any CPU
	EndGlobalSection
	GlobalSection(SolutionProperties) = preSolution
		HideSolutionNode = FALSE
	EndGlobalSection
	GlobalSection(ExtensibilityGlobals) = postSolution
		SolutionGuid = {278CFA6F-101A-4F2D-81D9-2D7663C2ECCC}
	EndGlobalSection
EndGlobal
