
Microsoft Visual Studio Solution File, Format Version 12.00
# Visual Studio Version 17
VisualStudioVersion = 17.14.37411.7
MinimumVisualStudioVersion = 10.0.40219.1
Project("{FAE04EC0-301F-11D3-BF4B-00C04F79EFBC}") = "LeapYearCalculatorLib", "LeapYearCalculatorLib.csproj", "{D7C1292C-EC17-45D2-8705-B9D78BD0421B}"
EndProject
Project("{FAE04EC0-301F-11D3-BF4B-00C04F79EFBC}") = "LeapYearCalculatorLib.Tests", "..\LeapYearCalculatorLib.Tests\LeapYearCalculatorLib.Tests.csproj", "{F2F07CCD-5F64-4C36-A66C-00446B34D60B}"
EndProject
Global
	GlobalSection(SolutionConfigurationPlatforms) = preSolution
		Debug|Any CPU = Debug|Any CPU
		Release|Any CPU = Release|Any CPU
	EndGlobalSection
	GlobalSection(ProjectConfigurationPlatforms) = postSolution
		{D7C1292C-EC17-45D2-8705-B9D78BD0421B}.Debug|Any CPU.ActiveCfg = Debug|Any CPU
		{D7C1292C-EC17-45D2-8705-B9D78BD0421B}.Debug|Any CPU.Build.0 = Debug|Any CPU
		{D7C1292C-EC17-45D2-8705-B9D78BD0421B}.Release|Any CPU.ActiveCfg = Release|Any CPU
		{D7C1292C-EC17-45D2-8705-B9D78BD0421B}.Release|Any CPU.Build.0 = Release|Any CPU
		{F2F07CCD-5F64-4C36-A66C-00446B34D60B}.Debug|Any CPU.ActiveCfg = Debug|Any CPU
		{F2F07CCD-5F64-4C36-A66C-00446B34D60B}.Debug|Any CPU.Build.0 = Debug|Any CPU
		{F2F07CCD-5F64-4C36-A66C-00446B34D60B}.Release|Any CPU.ActiveCfg = Release|Any CPU
		{F2F07CCD-5F64-4C36-A66C-00446B34D60B}.Release|Any CPU.Build.0 = Release|Any CPU
	EndGlobalSection
	GlobalSection(SolutionProperties) = preSolution
		HideSolutionNode = FALSE
	EndGlobalSection
	GlobalSection(ExtensibilityGlobals) = postSolution
		SolutionGuid = {62F67CB8-96C5-435D-8B05-91EC64103FD1}
	EndGlobalSection
EndGlobal
