
Microsoft Visual Studio Solution File, Format Version 12.00
# Visual Studio Version 17
VisualStudioVersion = 17.14.37411.7 d17.14
MinimumVisualStudioVersion = 10.0.40219.1
Project("{FAE04EC0-301F-11D3-BF4B-00C04F79EFBC}") = "UserManagerLib", "UserManagerLib.csproj", "{754C9AD0-F47F-4D37-A78A-1DC65E696D85}"
EndProject
Project("{FAE04EC0-301F-11D3-BF4B-00C04F79EFBC}") = "UserManagerLib.Tests", "..\UserManagerLib.Tests\UserManagerLib.Tests.csproj", "{7495EB5C-A94D-4A40-9CC2-F4835E8B83C0}"
EndProject
Global
	GlobalSection(SolutionConfigurationPlatforms) = preSolution
		Debug|Any CPU = Debug|Any CPU
		Release|Any CPU = Release|Any CPU
	EndGlobalSection
	GlobalSection(ProjectConfigurationPlatforms) = postSolution
		{754C9AD0-F47F-4D37-A78A-1DC65E696D85}.Debug|Any CPU.ActiveCfg = Debug|Any CPU
		{754C9AD0-F47F-4D37-A78A-1DC65E696D85}.Debug|Any CPU.Build.0 = Debug|Any CPU
		{754C9AD0-F47F-4D37-A78A-1DC65E696D85}.Release|Any CPU.ActiveCfg = Release|Any CPU
		{754C9AD0-F47F-4D37-A78A-1DC65E696D85}.Release|Any CPU.Build.0 = Release|Any CPU
		{7495EB5C-A94D-4A40-9CC2-F4835E8B83C0}.Debug|Any CPU.ActiveCfg = Debug|Any CPU
		{7495EB5C-A94D-4A40-9CC2-F4835E8B83C0}.Debug|Any CPU.Build.0 = Debug|Any CPU
		{7495EB5C-A94D-4A40-9CC2-F4835E8B83C0}.Release|Any CPU.ActiveCfg = Release|Any CPU
		{7495EB5C-A94D-4A40-9CC2-F4835E8B83C0}.Release|Any CPU.Build.0 = Release|Any CPU
	EndGlobalSection
	GlobalSection(SolutionProperties) = preSolution
		HideSolutionNode = FALSE
	EndGlobalSection
	GlobalSection(ExtensibilityGlobals) = postSolution
		SolutionGuid = {23B86918-D608-4FD7-98DA-C3AD139DF5C5}
	EndGlobalSection
EndGlobal
