
Microsoft Visual Studio Solution File, Format Version 12.00
# Visual Studio Version 17
VisualStudioVersion = 17.14.37411.7 d17.14
MinimumVisualStudioVersion = 10.0.40219.1
Project("{FAE04EC0-301F-11D3-BF4B-00C04F79EFBC}") = "KafkaProducer", "KafkaProducer\KafkaProducer.csproj", "{9120044E-B447-4ED7-B64E-9FAC31A2CCC4}"
EndProject
Global
	GlobalSection(SolutionConfigurationPlatforms) = preSolution
		Debug|Any CPU = Debug|Any CPU
		Release|Any CPU = Release|Any CPU
	EndGlobalSection
	GlobalSection(ProjectConfigurationPlatforms) = postSolution
		{9120044E-B447-4ED7-B64E-9FAC31A2CCC4}.Debug|Any CPU.ActiveCfg = Debug|Any CPU
		{9120044E-B447-4ED7-B64E-9FAC31A2CCC4}.Debug|Any CPU.Build.0 = Debug|Any CPU
		{9120044E-B447-4ED7-B64E-9FAC31A2CCC4}.Release|Any CPU.ActiveCfg = Release|Any CPU
		{9120044E-B447-4ED7-B64E-9FAC31A2CCC4}.Release|Any CPU.Build.0 = Release|Any CPU
	EndGlobalSection
	GlobalSection(SolutionProperties) = preSolution
		HideSolutionNode = FALSE
	EndGlobalSection
	GlobalSection(ExtensibilityGlobals) = postSolution
		SolutionGuid = {D0FDDEC8-A033-4CBC-B5B4-0967C3087142}
	EndGlobalSection
EndGlobal
