
Microsoft Visual Studio Solution File, Format Version 12.00
# Visual Studio Version 17
VisualStudioVersion = 17.14.37411.7 d17.14
MinimumVisualStudioVersion = 10.0.40219.1
Project("{FAE04EC0-301F-11D3-BF4B-00C04F79EFBC}") = "KafkaChatClient", "KafkaChatClient\KafkaChatClient.csproj", "{05D129D5-0172-4F4D-B4C8-527CBA37051B}"
EndProject
Global
	GlobalSection(SolutionConfigurationPlatforms) = preSolution
		Debug|Any CPU = Debug|Any CPU
		Release|Any CPU = Release|Any CPU
	EndGlobalSection
	GlobalSection(ProjectConfigurationPlatforms) = postSolution
		{05D129D5-0172-4F4D-B4C8-527CBA37051B}.Debug|Any CPU.ActiveCfg = Debug|Any CPU
		{05D129D5-0172-4F4D-B4C8-527CBA37051B}.Debug|Any CPU.Build.0 = Debug|Any CPU
		{05D129D5-0172-4F4D-B4C8-527CBA37051B}.Release|Any CPU.ActiveCfg = Release|Any CPU
		{05D129D5-0172-4F4D-B4C8-527CBA37051B}.Release|Any CPU.Build.0 = Release|Any CPU
	EndGlobalSection
	GlobalSection(SolutionProperties) = preSolution
		HideSolutionNode = FALSE
	EndGlobalSection
	GlobalSection(ExtensibilityGlobals) = postSolution
		SolutionGuid = {A556201E-CD04-4754-B83F-0060532C3F1F}
	EndGlobalSection
EndGlobal
